PODS:
  - CocoaLumberjack (2.0.1):
    - CocoaLumberjack/Default (= 2.0.1)
    - CocoaLumberjack/Extensions (= 2.0.1)
  - CocoaLumberjack/Core (2.0.1)
  - CocoaLumberjack/Default (2.0.1):
    - CocoaLumberjack/Core
  - CocoaLumberjack/Extensions (2.0.1):
    - CocoaLumberjack/Default
  - FrameAccessor (2.0)
  - NBULog (1.2.4):
    - CocoaLumberjack (>= 2.0.0)
  - NBULogStub (0.1.2)
  - UIViewController-InputView (0.1.0):
    - FrameAccessor
    - NBULogStub

DEPENDENCIES:
  - NBULog
  - UIViewController-InputView (from `../`)

EXTERNAL SOURCES:
  UIViewController-InputView:
    :path: ../

SPEC CHECKSUMS:
  CocoaLumberjack: 019d1361244274a6138c788c6cb80baabc13fb8f
  FrameAccessor: 443a13e58e23a10ff22180da0897b28c3f6abf66
  NBULog: 4003be6706b97a7e376ab4171c666ac7c2fbc2b2
  NBULogStub: 398fa3535e3b368d6f1cb3b32c2ac0cb81cf350c
  UIViewController-InputView: ff88e7b99a5d339707735811a0e50455c5c224fd

COCOAPODS: 0.38.2
